// !$*UTF8*$!
{
	archiveVersion = 1;
	classes = {
	};
	objectVersion = 50;
	objects = {

/* Begin PBXBuildFile section */
		8E444A52599B6C187193C110 /* libPods-LazyTableImagesTests.a in Frameworks */ = {isa = PBXBuildFile; fileRef = 54BD12B00CC44EA8792172E8 /* libPods-LazyTableImagesTests.a */; };
		9E47E8FA144F6962641853B0 /* libPods-LazyTableImages.a in Frameworks */ = {isa = PBXBuildFile; fileRef = 4FAC10E2FFAA285177361781 /* libPods-LazyTableImages.a */; };
		B7022778221BCFEE007B7C11 /* AppDelegate.m in Sources */ = {isa = PBXBuildFile; fileRef = B7022777221BCFEE007B7C11 /* AppDelegate.m */; };
		B702277B221BCFEE007B7C11 /* ViewController.m in Sources */ = {isa = PBXBuildFile; fileRef = B702277A221BCFEE007B7C11 /* ViewController.m */; };
		B702277E221BCFEE007B7C11 /* Main.storyboard in Resources */ = {isa = PBXBuildFile; fileRef = B702277C221BCFEE007B7C11 /* Main.storyboard */; };
		B7022780221BCFEF007B7C11 /* Assets.xcassets in Resources */ = {isa = PBXBuildFile; fileRef = B702277F221BCFEF007B7C11 /* Assets.xcassets */; };
		B7022783221BCFEF007B7C11 /* LaunchScreen.storyboard in Resources */ = {isa = PBXBuildFile; fileRef = B7022781221BCFEF007B7C11 /* LaunchScreen.storyboard */; };
		B7022786221BCFEF007B7C11 /* main.m in Sources */ = {isa = PBXBuildFile; fileRef = B7022785221BCFEF007B7C11 /* main.m */; };
		B7022790221BCFEF007B7C11 /* LazyTableImagesTests.m in Sources */ = {isa = PBXBuildFile; fileRef = B702278F221BCFEF007B7C11 /* LazyTableImagesTests.m */; };
		B702279B221BCFEF007B7C11 /* LazyTableImagesUITests.m in Sources */ = {isa = PBXBuildFile; fileRef = B702279A221BCFEF007B7C11 /* LazyTableImagesUITests.m */; };
		B70227AA221BD110007B7C11 /* PictureCell.m in Sources */ = {isa = PBXBuildFile; fileRef = B70227A9221BD110007B7C11 /* PictureCell.m */; };
		B70227AD221BD125007B7C11 /* PictureModel.m in Sources */ = {isa = PBXBuildFile; fileRef = B70227AC221BD125007B7C11 /* PictureModel.m */; };
		B70227B1221BF677007B7C11 /* yishuzi.jpg in Resources */ = {isa = PBXBuildFile; fileRef = B70227B0221BF677007B7C11 /* yishuzi.jpg */; };
		BED41437F73F60D6FF918F1C /* libPods-LazyTableImagesUITests.a in Frameworks */ = {isa = PBXBuildFile; fileRef = 740091FF04286F8739D44659 /* libPods-LazyTableImagesUITests.a */; };
/* End PBXBuildFile section */

/* Begin PBXContainerItemProxy section */
		B702278C221BCFEF007B7C11 /* PBXContainerItemProxy */ = {
			isa = PBXContainerItemProxy;
			containerPortal = B702276B221BCFEE007B7C11 /* Project object */;
			proxyType = 1;
			remoteGlobalIDString = B7022772221BCFEE007B7C11;
			remoteInfo = LazyTableImages;
		};
		B7022797221BCFEF007B7C11 /* PBXContainerItemProxy */ = {
			isa = PBXContainerItemProxy;
			containerPortal = B702276B221BCFEE007B7C11 /* Project object */;
			proxyType = 1;
			remoteGlobalIDString = B7022772221BCFEE007B7C11;
			remoteInfo = LazyTableImages;
		};
/* End PBXContainerItemProxy section */

/* Begin PBXFileReference section */
		048761A2F410D3EEC8A82160 /* Pods-LazyTableImages.release.xcconfig */ = {isa = PBXFileReference; includeInIndex = 1; lastKnownFileType = text.xcconfig; name = "Pods-LazyTableImages.release.xcconfig"; path = "Pods/Target Support Files/Pods-LazyTableImages/Pods-LazyTableImages.release.xcconfig"; sourceTree = "<group>"; };
		32A325825158A992DADAE180 /* Pods-LazyTableImagesUITests.release.xcconfig */ = {isa = PBXFileReference; includeInIndex = 1; lastKnownFileType = text.xcconfig; name = "Pods-LazyTableImagesUITests.release.xcconfig"; path = "Pods/Target Support Files/Pods-LazyTableImagesUITests/Pods-LazyTableImagesUITests.release.xcconfig"; sourceTree = "<group>"; };
		4FAC10E2FFAA285177361781 /* libPods-LazyTableImages.a */ = {isa = PBXFileReference; explicitFileType = archive.ar; includeInIndex = 0; path = "libPods-LazyTableImages.a"; sourceTree = BUILT_PRODUCTS_DIR; };
		54BD12B00CC44EA8792172E8 /* libPods-LazyTableImagesTests.a */ = {isa = PBXFileReference; explicitFileType = archive.ar; includeInIndex = 0; path = "libPods-LazyTableImagesTests.a"; sourceTree = BUILT_PRODUCTS_DIR; };
		740091FF04286F8739D44659 /* libPods-LazyTableImagesUITests.a */ = {isa = PBXFileReference; explicitFileType = archive.ar; includeInIndex = 0; path = "libPods-LazyTableImagesUITests.a"; sourceTree = BUILT_PRODUCTS_DIR; };
		822B6F8AC5D890DE5EA6F24C /* Pods-LazyTableImagesUITests.debug.xcconfig */ = {isa = PBXFileReference; includeInIndex = 1; lastKnownFileType = text.xcconfig; name = "Pods-LazyTableImagesUITests.debug.xcconfig"; path = "Pods/Target Support Files/Pods-LazyTableImagesUITests/Pods-LazyTableImagesUITests.debug.xcconfig"; sourceTree = "<group>"; };
		92B6C1095C3584EFB46FCE51 /* Pods-LazyTableImages.debug.xcconfig */ = {isa = PBXFileReference; includeInIndex = 1; lastKnownFileType = text.xcconfig; name = "Pods-LazyTableImages.debug.xcconfig"; path = "Pods/Target Support Files/Pods-LazyTableImages/Pods-LazyTableImages.debug.xcconfig"; sourceTree = "<group>"; };
		9C66D2351E1E5313F155FB4B /* Pods-LazyTableImagesTests.debug.xcconfig */ = {isa = PBXFileReference; includeInIndex = 1; lastKnownFileType = text.xcconfig; name = "Pods-LazyTableImagesTests.debug.xcconfig"; path = "Pods/Target Support Files/Pods-LazyTableImagesTests/Pods-LazyTableImagesTests.debug.xcconfig"; sourceTree = "<group>"; };
		B7022773221BCFEE007B7C11 /* LazyTableImages.app */ = {isa = PBXFileReference; explicitFileType = wrapper.application; includeInIndex = 0; path = LazyTableImages.app; sourceTree = BUILT_PRODUCTS_DIR; };
		B7022776221BCFEE007B7C11 /* AppDelegate.h */ = {isa = PBXFileReference; lastKnownFileType = sourcecode.c.h; path = AppDelegate.h; sourceTree = "<group>"; };
		B7022777221BCFEE007B7C11 /* AppDelegate.m */ = {isa = PBXFileReference; lastKnownFileType = sourcecode.c.objc; path = AppDelegate.m; sourceTree = "<group>"; };
		B7022779221BCFEE007B7C11 /* ViewController.h */ = {isa = PBXFileReference; lastKnownFileType = sourcecode.c.h; path = ViewController.h; sourceTree = "<group>"; };
		B702277A221BCFEE007B7C11 /* ViewController.m */ = {isa = PBXFileReference; lastKnownFileType = sourcecode.c.objc; path = ViewController.m; sourceTree = "<group>"; };
		B702277D221BCFEE007B7C11 /* Base */ = {isa = PBXFileReference; lastKnownFileType = file.storyboard; name = Base; path = Base.lproj/Main.storyboard; sourceTree = "<group>"; };
		B702277F221BCFEF007B7C11 /* Assets.xcassets */ = {isa = PBXFileReference; lastKnownFileType = folder.assetcatalog; path = Assets.xcassets; sourceTree = "<group>"; };
		B7022782221BCFEF007B7C11 /* Base */ = {isa = PBXFileReference; lastKnownFileType = file.storyboard; name = Base; path = Base.lproj/LaunchScreen.storyboard; sourceTree = "<group>"; };
		B7022784221BCFEF007B7C11 /* Info.plist */ = {isa = PBXFileReference; lastKnownFileType = text.plist.xml; path = Info.plist; sourceTree = "<group>"; };
		B7022785221BCFEF007B7C11 /* main.m */ = {isa = PBXFileReference; lastKnownFileType = sourcecode.c.objc; path = main.m; sourceTree = "<group>"; };
		B702278B221BCFEF007B7C11 /* LazyTableImagesTests.xctest */ = {isa = PBXFileReference; explicitFileType = wrapper.cfbundle; includeInIndex = 0; path = LazyTableImagesTests.xctest; sourceTree = BUILT_PRODUCTS_DIR; };
		B702278F221BCFEF007B7C11 /* LazyTableImagesTests.m */ = {isa = PBXFileReference; lastKnownFileType = sourcecode.c.objc; path = LazyTableImagesTests.m; sourceTree = "<group>"; };
		B7022791221BCFEF007B7C11 /* Info.plist */ = {isa = PBXFileReference; lastKnownFileType = text.plist.xml; path = Info.plist; sourceTree = "<group>"; };
		B7022796221BCFEF007B7C11 /* LazyTableImagesUITests.xctest */ = {isa = PBXFileReference; explicitFileType = wrapper.cfbundle; includeInIndex = 0; path = LazyTableImagesUITests.xctest; sourceTree = BUILT_PRODUCTS_DIR; };
		B702279A221BCFEF007B7C11 /* LazyTableImagesUITests.m */ = {isa = PBXFileReference; lastKnownFileType = sourcecode.c.objc; path = LazyTableImagesUITests.m; sourceTree = "<group>"; };
		B702279C221BCFEF007B7C11 /* Info.plist */ = {isa = PBXFileReference; lastKnownFileType = text.plist.xml; path = Info.plist; sourceTree = "<group>"; };
		B70227A8221BD110007B7C11 /* PictureCell.h */ = {isa = PBXFileReference; lastKnownFileType = sourcecode.c.h; path = PictureCell.h; sourceTree = "<group>"; };
		B70227A9221BD110007B7C11 /* PictureCell.m */ = {isa = PBXFileReference; lastKnownFileType = sourcecode.c.objc; path = PictureCell.m; sourceTree = "<group>"; };
		B70227AB221BD125007B7C11 /* PictureModel.h */ = {isa = PBXFileReference; lastKnownFileType = sourcecode.c.h; path = PictureModel.h; sourceTree = "<group>"; };
		B70227AC221BD125007B7C11 /* PictureModel.m */ = {isa = PBXFileReference; lastKnownFileType = sourcecode.c.objc; path = PictureModel.m; sourceTree = "<group>"; };
		B70227B0221BF677007B7C11 /* yishuzi.jpg */ = {isa = PBXFileReference; lastKnownFileType = image.jpeg; path = yishuzi.jpg; sourceTree = "<group>"; };
		D235E5DD69519FE6D370857E /* Pods-LazyTableImagesTests.release.xcconfig */ = {isa = PBXFileReference; includeInIndex = 1; lastKnownFileType = text.xcconfig; name = "Pods-LazyTableImagesTests.release.xcconfig"; path = "Pods/Target Support Files/Pods-LazyTableImagesTests/Pods-LazyTableImagesTests.release.xcconfig"; sourceTree = "<group>"; };
/* End PBXFileReference section */

/* Begin PBXFrameworksBuildPhase section */
		B7022770221BCFEE007B7C11 /* Frameworks */ = {
			isa = PBXFrameworksBuildPhase;
			buildActionMask = 2147483647;
			files = (
				9E47E8FA144F6962641853B0 /* libPods-LazyTableImages.a in Frameworks */,
			);
			runOnlyForDeploymentPostprocessing = 0;
		};
		B7022788221BCFEF007B7C11 /* Frameworks */ = {
			isa = PBXFrameworksBuildPhase;
			buildActionMask = 2147483647;
			files = (
				8E444A52599B6C187193C110 /* libPods-LazyTableImagesTests.a in Frameworks */,
			);
			runOnlyForDeploymentPostprocessing = 0;
		};
		B7022793221BCFEF007B7C11 /* Frameworks */ = {
			isa = PBXFrameworksBuildPhase;
			buildActionMask = 2147483647;
			files = (
				BED41437F73F60D6FF918F1C /* libPods-LazyTableImagesUITests.a in Frameworks */,
			);
			runOnlyForDeploymentPostprocessing = 0;
		};
/* End PBXFrameworksBuildPhase section */

/* Begin PBXGroup section */
		45F5ACFD49AFF6A8916681FA /* Frameworks */ = {
			isa = PBXGroup;
			children = (
				4FAC10E2FFAA285177361781 /* libPods-LazyTableImages.a */,
				54BD12B00CC44EA8792172E8 /* libPods-LazyTableImagesTests.a */,
				740091FF04286F8739D44659 /* libPods-LazyTableImagesUITests.a */,
			);
			name = Frameworks;
			sourceTree = "<group>";
		};
		4BF7382560D1F31CF630D5E8 /* Pods */ = {
			isa = PBXGroup;
			children = (
				92B6C1095C3584EFB46FCE51 /* Pods-LazyTableImages.debug.xcconfig */,
				048761A2F410D3EEC8A82160 /* Pods-LazyTableImages.release.xcconfig */,
				9C66D2351E1E5313F155FB4B /* Pods-LazyTableImagesTests.debug.xcconfig */,
				D235E5DD69519FE6D370857E /* Pods-LazyTableImagesTests.release.xcconfig */,
				822B6F8AC5D890DE5EA6F24C /* Pods-LazyTableImagesUITests.debug.xcconfig */,
				32A325825158A992DADAE180 /* Pods-LazyTableImagesUITests.release.xcconfig */,
			);
			name = Pods;
			sourceTree = "<group>";
		};
		B702276A221BCFEE007B7C11 = {
			isa = PBXGroup;
			children = (
				B7022775221BCFEE007B7C11 /* LazyTableImages */,
				B702278E221BCFEF007B7C11 /* LazyTableImagesTests */,
				B7022799221BCFEF007B7C11 /* LazyTableImagesUITests */,
				B7022774221BCFEE007B7C11 /* Products */,
				4BF7382560D1F31CF630D5E8 /* Pods */,
				45F5ACFD49AFF6A8916681FA /* Frameworks */,
			);
			sourceTree = "<group>";
		};
		B7022774221BCFEE007B7C11 /* Products */ = {
			isa = PBXGroup;
			children = (
				B7022773221BCFEE007B7C11 /* LazyTableImages.app */,
				B702278B221BCFEF007B7C11 /* LazyTableImagesTests.xctest */,
				B7022796221BCFEF007B7C11 /* LazyTableImagesUITests.xctest */,
			);
			name = Products;
			sourceTree = "<group>";
		};
		B7022775221BCFEE007B7C11 /* LazyTableImages */ = {
			isa = PBXGroup;
			children = (
				B7022776221BCFEE007B7C11 /* AppDelegate.h */,
				B7022777221BCFEE007B7C11 /* AppDelegate.m */,
				B7022779221BCFEE007B7C11 /* ViewController.h */,
				B702277A221BCFEE007B7C11 /* ViewController.m */,
				B70227A8221BD110007B7C11 /* PictureCell.h */,
				B70227A9221BD110007B7C11 /* PictureCell.m */,
				B70227AB221BD125007B7C11 /* PictureModel.h */,
				B70227AC221BD125007B7C11 /* PictureModel.m */,
				B702277C221BCFEE007B7C11 /* Main.storyboard */,
				B702277F221BCFEF007B7C11 /* Assets.xcassets */,
				B70227B0221BF677007B7C11 /* yishuzi.jpg */,
				B7022781221BCFEF007B7C11 /* LaunchScreen.storyboard */,
				B7022784221BCFEF007B7C11 /* Info.plist */,
				B7022785221BCFEF007B7C11 /* main.m */,
			);
			path = LazyTableImages;
			sourceTree = "<group>";
		};
		B702278E221BCFEF007B7C11 /* LazyTableImagesTests */ = {
			isa = PBXGroup;
			children = (
				B702278F221BCFEF007B7C11 /* LazyTableImagesTests.m */,
				B7022791221BCFEF007B7C11 /* Info.plist */,
			);
			path = LazyTableImagesTests;
			sourceTree = "<group>";
		};
		B7022799221BCFEF007B7C11 /* LazyTableImagesUITests */ = {
			isa = PBXGroup;
			children = (
				B702279A221BCFEF007B7C11 /* LazyTableImagesUITests.m */,
				B702279C221BCFEF007B7C11 /* Info.plist */,
			);
			path = LazyTableImagesUITests;
			sourceTree = "<group>";
		};
/* End PBXGroup section */

/* Begin PBXNativeTarget section */
		B7022772221BCFEE007B7C11 /* LazyTableImages */ = {
			isa = PBXNativeTarget;
			buildConfigurationList = B702279F221BCFEF007B7C11 /* Build configuration list for PBXNativeTarget "LazyTableImages" */;
			buildPhases = (
				96057A869C40B835468246A6 /* [CP] Check Pods Manifest.lock */,
				B702276F221BCFEE007B7C11 /* Sources */,
				B7022770221BCFEE007B7C11 /* Frameworks */,
				B7022771221BCFEE007B7C11 /* Resources */,
			);
			buildRules = (
			);
			dependencies = (
			);
			name = LazyTableImages;
			productName = LazyTableImages;
			productReference = B7022773221BCFEE007B7C11 /* LazyTableImages.app */;
			productType = "com.apple.product-type.application";
		};
		B702278A221BCFEF007B7C11 /* LazyTableImagesTests */ = {
			isa = PBXNativeTarget;
			buildConfigurationList = B70227A2221BCFEF007B7C11 /* Build configuration list for PBXNativeTarget "LazyTableImagesTests" */;
			buildPhases = (
				3749EE74CA88A460669E04D9 /* [CP] Check Pods Manifest.lock */,
				B7022787221BCFEF007B7C11 /* Sources */,
				B7022788221BCFEF007B7C11 /* Frameworks */,
				B7022789221BCFEF007B7C11 /* Resources */,
			);
			buildRules = (
			);
			dependencies = (
				B702278D221BCFEF007B7C11 /* PBXTargetDependency */,
			);
			name = LazyTableImagesTests;
			productName = LazyTableImagesTests;
			productReference = B702278B221BCFEF007B7C11 /* LazyTableImagesTests.xctest */;
			productType = "com.apple.product-type.bundle.unit-test";
		};
		B7022795221BCFEF007B7C11 /* LazyTableImagesUITests */ = {
			isa = PBXNativeTarget;
			buildConfigurationList = B70227A5221BCFEF007B7C11 /* Build configuration list for PBXNativeTarget "LazyTableImagesUITests" */;
			buildPhases = (
				48D19C1B0562C8F1AC555FE2 /* [CP] Check Pods Manifest.lock */,
				B7022792221BCFEF007B7C11 /* Sources */,
				B7022793221BCFEF007B7C11 /* Frameworks */,
				B7022794221BCFEF007B7C11 /* Resources */,
			);
			buildRules = (
			);
			dependencies = (
				B7022798221BCFEF007B7C11 /* PBXTargetDependency */,
			);
			name = LazyTableImagesUITests;
			productName = LazyTableImagesUITests;
			productReference = B7022796221BCFEF007B7C11 /* LazyTableImagesUITests.xctest */;
			productType = "com.apple.product-type.bundle.ui-testing";
		};
/* End PBXNativeTarget section */

/* Begin PBXProject section */
		B702276B221BCFEE007B7C11 /* Project object */ = {
			isa = PBXProject;
			attributes = {
				LastUpgradeCheck = 1010;
				ORGANIZATIONNAME = "Y了个J";
				TargetAttributes = {
					B7022772221BCFEE007B7C11 = {
						CreatedOnToolsVersion = 10.1;
					};
					B702278A221BCFEF007B7C11 = {
						CreatedOnToolsVersion = 10.1;
						TestTargetID = B7022772221BCFEE007B7C11;
					};
					B7022795221BCFEF007B7C11 = {
						CreatedOnToolsVersion = 10.1;
						TestTargetID = B7022772221BCFEE007B7C11;
					};
				};
			};
			buildConfigurationList = B702276E221BCFEE007B7C11 /* Build configuration list for PBXProject "LazyTableImages" */;
			compatibilityVersion = "Xcode 9.3";
			developmentRegion = en;
			hasScannedForEncodings = 0;
			knownRegions = (
				en,
				Base,
			);
			mainGroup = B702276A221BCFEE007B7C11;
			productRefGroup = B7022774221BCFEE007B7C11 /* Products */;
			projectDirPath = "";
			projectRoot = "";
			targets = (
				B7022772221BCFEE007B7C11 /* LazyTableImages */,
				B702278A221BCFEF007B7C11 /* LazyTableImagesTests */,
				B7022795221BCFEF007B7C11 /* LazyTableImagesUITests */,
			);
		};
/* End PBXProject section */

/* Begin PBXResourcesBuildPhase section */
		B7022771221BCFEE007B7C11 /* Resources */ = {
			isa = PBXResourcesBuildPhase;
			buildActionMask = 2147483647;
			files = (
				B7022783221BCFEF007B7C11 /* LaunchScreen.storyboard in Resources */,
				B70227B1221BF677007B7C11 /* yishuzi.jpg in Resources */,
				B7022780221BCFEF007B7C11 /* Assets.xcassets in Resources */,
				B702277E221BCFEE007B7C11 /* Main.storyboard in Resources */,
			);
			runOnlyForDeploymentPostprocessing = 0;
		};
		B7022789221BCFEF007B7C11 /* Resources */ = {
			isa = PBXResourcesBuildPhase;
			buildActionMask = 2147483647;
			files = (
			);
			runOnlyForDeploymentPostprocessing = 0;
		};
		B7022794221BCFEF007B7C11 /* Resources */ = {
			isa = PBXResourcesBuildPhase;
			buildActionMask = 2147483647;
			files = (
			);
			runOnlyForDeploymentPostprocessing = 0;
		};
/* End PBXResourcesBuildPhase section */

/* Begin PBXShellScriptBuildPhase section */
		3749EE74CA88A460669E04D9 /* [CP] Check Pods Manifest.lock */ = {
			isa = PBXShellScriptBuildPhase;
			buildActionMask = 2147483647;
			files = (
			);
			inputFileListPaths = (
			);
			inputPaths = (
				"${PODS_PODFILE_DIR_PATH}/Podfile.lock",
				"${PODS_ROOT}/Manifest.lock",
			);
			name = "[CP] Check Pods Manifest.lock";
			outputFileListPaths = (
			);
			outputPaths = (
				"$(DERIVED_FILE_DIR)/Pods-LazyTableImagesTests-checkManifestLockResult.txt",
			);
			runOnlyForDeploymentPostprocessing = 0;
			shellPath = /bin/sh;
			shellScript = "diff \"${PODS_PODFILE_DIR_PATH}/Podfile.lock\" \"${PODS_ROOT}/Manifest.lock\" > /dev/null\nif [ $? != 0 ] ; then\n    # print error to STDERR\n    echo \"error: The sandbox is not in sync with the Podfile.lock. Run 'pod install' or update your CocoaPods installation.\" >&2\n    exit 1\nfi\n# This output is used by Xcode 'outputs' to avoid re-running this script phase.\necho \"SUCCESS\" > \"${SCRIPT_OUTPUT_FILE_0}\"\n";
			showEnvVarsInLog = 0;
		};
		48D19C1B0562C8F1AC555FE2 /* [CP] Check Pods Manifest.lock */ = {
			isa = PBXShellScriptBuildPhase;
			buildActionMask = 2147483647;
			files = (
			);
			inputFileListPaths = (
			);
			inputPaths = (
				"${PODS_PODFILE_DIR_PATH}/Podfile.lock",
				"${PODS_ROOT}/Manifest.lock",
			);
			name = "[CP] Check Pods Manifest.lock";
			outputFileListPaths = (
			);
			outputPaths = (
				"$(DERIVED_FILE_DIR)/Pods-LazyTableImagesUITests-checkManifestLockResult.txt",
			);
			runOnlyForDeploymentPostprocessing = 0;
			shellPath = /bin/sh;
			shellScript = "diff \"${PODS_PODFILE_DIR_PATH}/Podfile.lock\" \"${PODS_ROOT}/Manifest.lock\" > /dev/null\nif [ $? != 0 ] ; then\n    # print error to STDERR\n    echo \"error: The sandbox is not in sync with the Podfile.lock. Run 'pod install' or update your CocoaPods installation.\" >&2\n    exit 1\nfi\n# This output is used by Xcode 'outputs' to avoid re-running this script phase.\necho \"SUCCESS\" > \"${SCRIPT_OUTPUT_FILE_0}\"\n";
			showEnvVarsInLog = 0;
		};
		96057A869C40B835468246A6 /* [CP] Check Pods Manifest.lock */ = {
			isa = PBXShellScriptBuildPhase;
			buildActionMask = 2147483647;
			files = (
			);
			inputFileListPaths = (
			);
			inputPaths = (
				"${PODS_PODFILE_DIR_PATH}/Podfile.lock",
				"${PODS_ROOT}/Manifest.lock",
			);
			name = "[CP] Check Pods Manifest.lock";
			outputFileListPaths = (
			);
			outputPaths = (
				"$(DERIVED_FILE_DIR)/Pods-LazyTableImages-checkManifestLockResult.txt",
			);
			runOnlyForDeploymentPostprocessing = 0;
			shellPath = /bin/sh;
			shellScript = "diff \"${PODS_PODFILE_DIR_PATH}/Podfile.lock\" \"${PODS_ROOT}/Manifest.lock\" > /dev/null\nif [ $? != 0 ] ; then\n    # print error to STDERR\n    echo \"error: The sandbox is not in sync with the Podfile.lock. Run 'pod install' or update your CocoaPods installation.\" >&2\n    exit 1\nfi\n# This output is used by Xcode 'outputs' to avoid re-running this script phase.\necho \"SUCCESS\" > \"${SCRIPT_OUTPUT_FILE_0}\"\n";
			showEnvVarsInLog = 0;
		};
/* End PBXShellScriptBuildPhase section */

/* Begin PBXSourcesBuildPhase section */
		B702276F221BCFEE007B7C11 /* Sources */ = {
			isa = PBXSourcesBuildPhase;
			buildActionMask = 2147483647;
			files = (
				B70227AA221BD110007B7C11 /* PictureCell.m in Sources */,
				B70227AD221BD125007B7C11 /* PictureModel.m in Sources */,
				B702277B221BCFEE007B7C11 /* ViewController.m in Sources */,
				B7022786221BCFEF007B7C11 /* main.m in Sources */,
				B7022778221BCFEE007B7C11 /* AppDelegate.m in Sources */,
			);
			runOnlyForDeploymentPostprocessing = 0;
		};
		B7022787221BCFEF007B7C11 /* Sources */ = {
			isa = PBXSourcesBuildPhase;
			buildActionMask = 2147483647;
			files = (
				B7022790221BCFEF007B7C11 /* LazyTableImagesTests.m in Sources */,
			);
			runOnlyForDeploymentPostprocessing = 0;
		};
		B7022792221BCFEF007B7C11 /* Sources */ = {
			isa = PBXSourcesBuildPhase;
			buildActionMask = 2147483647;
			files = (
				B702279B221BCFEF007B7C11 /* LazyTableImagesUITests.m in Sources */,
			);
			runOnlyForDeploymentPostprocessing = 0;
		};
/* End PBXSourcesBuildPhase section */

/* Begin PBXTargetDependency section */
		B702278D221BCFEF007B7C11 /* PBXTargetDependency */ = {
			isa = PBXTargetDependency;
			target = B7022772221BCFEE007B7C11 /* LazyTableImages */;
			targetProxy = B702278C221BCFEF007B7C11 /* PBXContainerItemProxy */;
		};
		B7022798221BCFEF007B7C11 /* PBXTargetDependency */ = {
			isa = PBXTargetDependency;
			target = B7022772221BCFEE007B7C11 /* LazyTableImages */;
			targetProxy = B7022797221BCFEF007B7C11 /* PBXContainerItemProxy */;
		};
/* End PBXTargetDependency section */

/* Begin PBXVariantGroup section */
		B702277C221BCFEE007B7C11 /* Main.storyboard */ = {
			isa = PBXVariantGroup;
			children = (
				B702277D221BCFEE007B7C11 /* Base */,
			);
			name = Main.storyboard;
			sourceTree = "<group>";
		};
		B7022781221BCFEF007B7C11 /* LaunchScreen.storyboard */ = {
			isa = PBXVariantGroup;
			children = (
				B7022782221BCFEF007B7C11 /* Base */,
			);
			name = LaunchScreen.storyboard;
			sourceTree = "<group>";
		};
/* End PBXVariantGroup section */

/* Begin XCBuildConfiguration section */
		B702279D221BCFEF007B7C11 /* Debug */ = {
			isa = XCBuildConfiguration;
			buildSettings = {
				ALWAYS_SEARCH_USER_PATHS = NO;
				CLANG_ANALYZER_NONNULL = YES;
				CLANG_ANALYZER_NUMBER_OBJECT_CONVERSION = YES_AGGRESSIVE;
				CLANG_CXX_LANGUAGE_STANDARD = "gnu++14";
				CLANG_CXX_LIBRARY = "libc++";
				CLANG_ENABLE_MODULES = YES;
				CLANG_ENABLE_OBJC_ARC = YES;
				CLANG_ENABLE_OBJC_WEAK = YES;
				CLANG_WARN_BLOCK_CAPTURE_AUTORELEASING = YES;
				CLANG_WARN_BOOL_CONVERSION = YES;
				CLANG_WARN_COMMA = YES;
				CLANG_WARN_CONSTANT_CONVERSION = YES;
				CLANG_WARN_DEPRECATED_OBJC_IMPLEMENTATIONS = YES;
				CLANG_WARN_DIRECT_OBJC_ISA_USAGE = YES_ERROR;
				CLANG_WARN_DOCUMENTATION_COMMENTS = YES;
				CLANG_WARN_EMPTY_BODY = YES;
				CLANG_WARN_ENUM_CONVERSION = YES;
				CLANG_WARN_INFINITE_RECURSION = YES;
				CLANG_WARN_INT_CONVERSION = YES;
				CLANG_WARN_NON_LITERAL_NULL_CONVERSION = YES;
				CLANG_WARN_OBJC_IMPLICIT_RETAIN_SELF = YES;
				CLANG_WARN_OBJC_LITERAL_CONVERSION = YES;
				CLANG_WARN_OBJC_ROOT_CLASS = YES_ERROR;
				CLANG_WARN_RANGE_LOOP_ANALYSIS = YES;
				CLANG_WARN_STRICT_PROTOTYPES = YES;
				CLANG_WARN_SUSPICIOUS_MOVE = YES;
				CLANG_WARN_UNGUARDED_AVAILABILITY = YES_AGGRESSIVE;
				CLANG_WARN_UNREACHABLE_CODE = YES;
				CLANG_WARN__DUPLICATE_METHOD_MATCH = YES;
				CODE_SIGN_IDENTITY = "iPhone Developer";
				COPY_PHASE_STRIP = NO;
				DEBUG_INFORMATION_FORMAT = dwarf;
				ENABLE_STRICT_OBJC_MSGSEND = YES;
				ENABLE_TESTABILITY = YES;
				GCC_C_LANGUAGE_STANDARD = gnu11;
				GCC_DYNAMIC_NO_PIC = NO;
				GCC_NO_COMMON_BLOCKS = YES;
				GCC_OPTIMIZATION_LEVEL = 0;
				GCC_PREPROCESSOR_DEFINITIONS = (
					"DEBUG=1",
					"$(inherited)",
				);
				GCC_WARN_64_TO_32_BIT_CONVERSION = YES;
				GCC_WARN_ABOUT_RETURN_TYPE = YES_ERROR;
				GCC_WARN_UNDECLARED_SELECTOR = YES;
				GCC_WARN_UNINITIALIZED_AUTOS = YES_AGGRESSIVE;
				GCC_WARN_UNUSED_FUNCTION = YES;
				GCC_WARN_UNUSED_VARIABLE = YES;
				IPHONEOS_DEPLOYMENT_TARGET = 12.1;
				MTL_ENABLE_DEBUG_INFO = INCLUDE_SOURCE;
				MTL_FAST_MATH = YES;
				ONLY_ACTIVE_ARCH = YES;
				SDKROOT = iphoneos;
			};
			name = Debug;
		};
		B702279E221BCFEF007B7C11 /* Release */ = {
			isa = XCBuildConfiguration;
			buildSettings = {
				ALWAYS_SEARCH_USER_PATHS = NO;
				CLANG_ANALYZER_NONNULL = YES;
				CLANG_ANALYZER_NUMBER_OBJECT_CONVERSION = YES_AGGRESSIVE;
				CLANG_CXX_LANGUAGE_STANDARD = "gnu++14";
				CLANG_CXX_LIBRARY = "libc++";
				CLANG_ENABLE_MODULES = YES;
				CLANG_ENABLE_OBJC_ARC = YES;
				CLANG_ENABLE_OBJC_WEAK = YES;
				CLANG_WARN_BLOCK_CAPTURE_AUTORELEASING = YES;
				CLANG_WARN_BOOL_CONVERSION = YES;
				CLANG_WARN_COMMA = YES;
				CLANG_WARN_CONSTANT_CONVERSION = YES;
				CLANG_WARN_DEPRECATED_OBJC_IMPLEMENTATIONS = YES;
				CLANG_WARN_DIRECT_OBJC_ISA_USAGE = YES_ERROR;
				CLANG_WARN_DOCUMENTATION_COMMENTS = YES;
				CLANG_WARN_EMPTY_BODY = YES;
				CLANG_WARN_ENUM_CONVERSION = YES;
				CLANG_WARN_INFINITE_RECURSION = YES;
				CLANG_WARN_INT_CONVERSION = YES;
				CLANG_WARN_NON_LITERAL_NULL_CONVERSION = YES;
				CLANG_WARN_OBJC_IMPLICIT_RETAIN_SELF = YES;
				CLANG_WARN_OBJC_LITERAL_CONVERSION = YES;
				CLANG_WARN_OBJC_ROOT_CLASS = YES_ERROR;
				CLANG_WARN_RANGE_LOOP_ANALYSIS = YES;
				CLANG_WARN_STRICT_PROTOTYPES = YES;
				CLANG_WARN_SUSPICIOUS_MOVE = YES;
				CLANG_WARN_UNGUARDED_AVAILABILITY = YES_AGGRESSIVE;
				CLANG_WARN_UNREACHABLE_CODE = YES;
				CLANG_WARN__DUPLICATE_METHOD_MATCH = YES;
				CODE_SIGN_IDENTITY = "iPhone Developer";
				COPY_PHASE_STRIP = NO;
				DEBUG_INFORMATION_FORMAT = "dwarf-with-dsym";
				ENABLE_NS_ASSERTIONS = NO;
				ENABLE_STRICT_OBJC_MSGSEND = YES;
				GCC_C_LANGUAGE_STANDARD = gnu11;
				GCC_NO_COMMON_BLOCKS = YES;
				GCC_WARN_64_TO_32_BIT_CONVERSION = YES;
				GCC_WARN_ABOUT_RETURN_TYPE = YES_ERROR;
				GCC_WARN_UNDECLARED_SELECTOR = YES;
				GCC_WARN_UNINITIALIZED_AUTOS = YES_AGGRESSIVE;
				GCC_WARN_UNUSED_FUNCTION = YES;
				GCC_WARN_UNUSED_VARIABLE = YES;
				IPHONEOS_DEPLOYMENT_TARGET = 12.1;
				MTL_ENABLE_DEBUG_INFO = NO;
				MTL_FAST_MATH = YES;
				SDKROOT = iphoneos;
				VALIDATE_PRODUCT = YES;
			};
			name = Release;
		};
		B70227A0221BCFEF007B7C11 /* Debug */ = {
			isa = XCBuildConfiguration;
			baseConfigurationReference = 92B6C1095C3584EFB46FCE51 /* Pods-LazyTableImages.debug.xcconfig */;
			buildSettings = {
				ASSETCATALOG_COMPILER_APPICON_NAME = AppIcon;
				CODE_SIGN_STYLE = Automatic;
				DEVELOPMENT_TEAM = KNF25R344F;
				INFOPLIST_FILE = LazyTableImages/Info.plist;
				IPHONEOS_DEPLOYMENT_TARGET = 8.0;
				LD_RUNPATH_SEARCH_PATHS = (
					"$(inherited)",
					"@executable_path/Frameworks",
				);
				PRODUCT_BUNDLE_IDENTIFIER = com.lyj.demo.LazyTableImages;
				PRODUCT_NAME = "$(TARGET_NAME)";
				TARGETED_DEVICE_FAMILY = "1,2";
			};
			name = Debug;
		};
		B70227A1221BCFEF007B7C11 /* Release */ = {
			isa = XCBuildConfiguration;
			baseConfigurationReference = 048761A2F410D3EEC8A82160 /* Pods-LazyTableImages.release.xcconfig */;
			buildSettings = {
				ASSETCATALOG_COMPILER_APPICON_NAME = AppIcon;
				CODE_SIGN_STYLE = Automatic;
				DEVELOPMENT_TEAM = KNF25R344F;
				INFOPLIST_FILE = LazyTableImages/Info.plist;
				IPHONEOS_DEPLOYMENT_TARGET = 8.0;
				LD_RUNPATH_SEARCH_PATHS = (
					"$(inherited)",
					"@executable_path/Frameworks",
				);
				PRODUCT_BUNDLE_IDENTIFIER = com.lyj.demo.LazyTableImages;
				PRODUCT_NAME = "$(TARGET_NAME)";
				TARGETED_DEVICE_FAMILY = "1,2";
			};
			name = Release;
		};
		B70227A3221BCFEF007B7C11 /* Debug */ = {
			isa = XCBuildConfiguration;
			baseConfigurationReference = 9C66D2351E1E5313F155FB4B /* Pods-LazyTableImagesTests.debug.xcconfig */;
			buildSettings = {
				BUNDLE_LOADER = "$(TEST_HOST)";
				CODE_SIGN_STYLE = Automatic;
				INFOPLIST_FILE = LazyTableImagesTests/Info.plist;
				LD_RUNPATH_SEARCH_PATHS = (
					"$(inherited)",
					"@executable_path/Frameworks",
					"@loader_path/Frameworks",
				);
				PRODUCT_BUNDLE_IDENTIFIER = com.lyj.demo.LazyTableImagesTests;
				PRODUCT_NAME = "$(TARGET_NAME)";
				TARGETED_DEVICE_FAMILY = "1,2";
				TEST_HOST = "$(BUILT_PRODUCTS_DIR)/LazyTableImages.app/LazyTableImages";
			};
			name = Debug;
		};
		B70227A4221BCFEF007B7C11 /* Release */ = {
			isa = XCBuildConfiguration;
			baseConfigurationReference = D235E5DD69519FE6D370857E /* Pods-LazyTableImagesTests.release.xcconfig */;
			buildSettings = {
				BUNDLE_LOADER = "$(TEST_HOST)";
				CODE_SIGN_STYLE = Automatic;
				INFOPLIST_FILE = LazyTableImagesTests/Info.plist;
				LD_RUNPATH_SEARCH_PATHS = (
					"$(inherited)",
					"@executable_path/Frameworks",
					"@loader_path/Frameworks",
				);
				PRODUCT_BUNDLE_IDENTIFIER = com.lyj.demo.LazyTableImagesTests;
				PRODUCT_NAME = "$(TARGET_NAME)";
				TARGETED_DEVICE_FAMILY = "1,2";
				TEST_HOST = "$(BUILT_PRODUCTS_DIR)/LazyTableImages.app/LazyTableImages";
			};
			name = Release;
		};
		B70227A6221BCFEF007B7C11 /* Debug */ = {
			isa = XCBuildConfiguration;
			baseConfigurationReference = 822B6F8AC5D890DE5EA6F24C /* Pods-LazyTableImagesUITests.debug.xcconfig */;
			buildSettings = {
				CODE_SIGN_STYLE = Automatic;
				INFOPLIST_FILE = LazyTableImagesUITests/Info.plist;
				LD_RUNPATH_SEARCH_PATHS = (
					"$(inherited)",
					"@executable_path/Frameworks",
					"@loader_path/Frameworks",
				);
				PRODUCT_BUNDLE_IDENTIFIER = com.lyj.demo.LazyTableImagesUITests;
				PRODUCT_NAME = "$(TARGET_NAME)";
				TARGETED_DEVICE_FAMILY = "1,2";
				TEST_TARGET_NAME = LazyTableImages;
			};
			name = Debug;
		};
		B70227A7221BCFEF007B7C11 /* Release */ = {
			isa = XCBuildConfiguration;
			baseConfigurationReference = 32A325825158A992DADAE180 /* Pods-LazyTableImagesUITests.release.xcconfig */;
			buildSettings = {
				CODE_SIGN_STYLE = Automatic;
				INFOPLIST_FILE = LazyTableImagesUITests/Info.plist;
				LD_RUNPATH_SEARCH_PATHS = (
					"$(inherited)",
					"@executable_path/Frameworks",
					"@loader_path/Frameworks",
				);
				PRODUCT_BUNDLE_IDENTIFIER = com.lyj.demo.LazyTableImagesUITests;
				PRODUCT_NAME = "$(TARGET_NAME)";
				TARGETED_DEVICE_FAMILY = "1,2";
				TEST_TARGET_NAME = LazyTableImages;
			};
			name = Release;
		};
/* End XCBuildConfiguration section */

/* Begin XCConfigurationList section */
		B702276E221BCFEE007B7C11 /* Build configuration list for PBXProject "LazyTableImages" */ = {
			isa = XCConfigurationList;
			buildConfigurations = (
				B702279D221BCFEF007B7C11 /* Debug */,
				B702279E221BCFEF007B7C11 /* Release */,
			);
			defaultConfigurationIsVisible = 0;
			defaultConfigurationName = Release;
		};
		B702279F221BCFEF007B7C11 /* Build configuration list for PBXNativeTarget "LazyTableImages" */ = {
			isa = XCConfigurationList;
			buildConfigurations = (
				B70227A0221BCFEF007B7C11 /* Debug */,
				B70227A1221BCFEF007B7C11 /* Release */,
			);
			defaultConfigurationIsVisible = 0;
			defaultConfigurationName = Release;
		};
		B70227A2221BCFEF007B7C11 /* Build configuration list for PBXNativeTarget "LazyTableImagesTests" */ = {
			isa = XCConfigurationList;
			buildConfigurations = (
				B70227A3221BCFEF007B7C11 /* Debug */,
				B70227A4221BCFEF007B7C11 /* Release */,
			);
			defaultConfigurationIsVisible = 0;
			defaultConfigurationName = Release;
		};
		B70227A5221BCFEF007B7C11 /* Build configuration list for PBXNativeTarget "LazyTableImagesUITests" */ = {
			isa = XCConfigurationList;
			buildConfigurations = (
				B70227A6221BCFEF007B7C11 /* Debug */,
				B70227A7221BCFEF007B7C11 /* Release */,
			);
			defaultConfigurationIsVisible = 0;
			defaultConfigurationName = Release;
		};
/* End XCConfigurationList section */
	};
	rootObject = B702276B221BCFEE007B7C11 /* Project object */;
}
